schema: '2.0'
stages:
  data_ingestion:
    cmd: python src/cnnClassifier/pipeline/stage_01_data_ingestion.py
    deps:
    - path: config/config.yaml
      hash: md5
      md5: 2404c42202277b9db8f20228ec9e976d
      size: 914
    - path: src/cnnClassifier/pipeline/stage_01_data_ingestion.py
      hash: md5
      md5: 6cf2629a5be22e6d5a569401b025c067
      size: 979
    outs:
    - path: artifacts/data_ingestion/Chicken-fecal-images
      hash: md5
      md5: 9e1f8dd2eae3c29e9d635df89d438ae4.dir
      size: 12207807
      nfiles: 390
  prepare_base_model:
    cmd: python src/cnnClassifier/pipeline/stage_02_prepare_base_model.py
    deps:
    - path: config/config.yaml
      hash: md5
      md5: 2404c42202277b9db8f20228ec9e976d
      size: 914
    - path: src/cnnClassifier/pipeline/stage_02_prepare_base_model.py
      hash: md5
      md5: d7e03ef87730c16f069a6b516a37c55c
      size: 948
    params:
      params.yaml:
        CLASSES: 2
        IMAGE_SIZE:
        - 224
        - 224
        - 3
        INCLUDE_TOP: false
        LEARNING_RATE: 0.01
        WEIGHTS: imagenet
    outs:
    - path: artifacts/prepare_base_model
      hash: md5
      md5: 1d022dc06e8b2107c24eb4f066dd3c05.dir
      size: 118059248
      nfiles: 2
  training:
    cmd: python src/cnnClassifier/pipeline/stage_03_training.py
    deps:
    - path: artifacts/data_ingestion/Chicken-fecal-images
      hash: md5
      md5: 9e1f8dd2eae3c29e9d635df89d438ae4.dir
      size: 12207807
      nfiles: 390
    - path: artifacts/prepare_base_model
      hash: md5
      md5: 1d022dc06e8b2107c24eb4f066dd3c05.dir
      size: 118059248
      nfiles: 2
    - path: config/config.yaml
      hash: md5
      md5: 2404c42202277b9db8f20228ec9e976d
      size: 914
    - path: src/cnnClassifier/components/prepare_callbacks.py
      hash: md5
      md5: a2b77da0b22bf9b3be00471b9f50552b
      size: 1364
    - path: src/cnnClassifier/pipeline/stage_03_training.py
      hash: md5
      md5: 066b2a88519bbe1f8c05483a080c28cb
      size: 1203
    params:
      params.yaml:
        AUGMENTATION: true
        BATCH_SIZE: 16
        EPOCHS: 10
        IMAGE_SIZE:
        - 224
        - 224
        - 3
    outs:
    - path: artifacts/training/model.h5
      hash: md5
      md5: 8e794626a27cafecb242be59054d252c
      size: 59340720
  evaluation:
    cmd: python src/cnnClassifier/pipeline/stage_04_evalutation.py
    deps:
    - path: artifacts/data_ingestion/Chicken-fecal-images
      hash: md5
      md5: 9e1f8dd2eae3c29e9d635df89d438ae4.dir
      size: 12207807
      nfiles: 390
    - path: artifacts/training/model.h5
      hash: md5
      md5: 8e794626a27cafecb242be59054d252c
      size: 59340720
    - path: config/config.yaml
      hash: md5
      md5: 2404c42202277b9db8f20228ec9e976d
      size: 914
    - path: src/cnnClassifier/pipeline/stage_04_evalutation.py
      hash: md5
      md5: f8811b085ffa3a127e60f58f8b64ca07
      size: 814
    params:
      params.yaml:
        BATCH_SIZE: 16
        IMAGE_SIZE:
        - 224
        - 224
        - 3
    outs:
    - path: scores.json
      hash: md5
      md5: 279381a53613150296004b84f177ac5e
      size: 73
